
Microsoft Visual Studio Solution File, Format Version 12.00
# Visual Studio Version 17
VisualStudioVersion = 17.11.35222.181
MinimumVisualStudioVersion = 10.0.40219.1
Project("{FAE04EC0-301F-11D3-BF4B-00C04F79EFBC}") = "BloodBankManagement", "BloodBankManagement.csproj", "{23D9B1D6-70E4-40B8-8A76-300B613F1735}"
EndProject
Global
	GlobalSection(SolutionConfigurationPlatforms) = preSolution
		Debug|Any CPU = Debug|Any CPU
		Release|Any CPU = Release|Any CPU
	EndGlobalSection
	GlobalSection(ProjectConfigurationPlatforms) = postSolution
		{23D9B1D6-70E4-40B8-8A76-300B613F1735}.Debug|Any CPU.ActiveCfg = Debug|Any CPU
		{23D9B1D6-70E4-40B8-8A76-300B613F1735}.Debug|Any CPU.Build.0 = Debug|Any CPU
		{23D9B1D6-70E4-40B8-8A76-300B613F1735}.Release|Any CPU.ActiveCfg = Release|Any CPU
		{23D9B1D6-70E4-40B8-8A76-300B613F1735}.Release|Any CPU.Build.0 = Release|Any CPU
	EndGlobalSection
	GlobalSection(SolutionProperties) = preSolution
		HideSolutionNode = FALSE
	EndGlobalSection
	GlobalSection(ExtensibilityGlobals) = postSolution
		SolutionGuid = {FE42BCFA-1891-422C-96D2-82FC13CDDC20}
	EndGlobalSection
EndGlobal
